// !$*UTF8*$!
{
	archiveVersion = 1;
	classes = {
	};
	objectVersion = 56;
	objects = {

/* Begin PBXBuildFile section */
		340D785F2B245FBC00B42003 /* PaymentView.swift in Sources */ = {isa = PBXBuildFile; fileRef = 340D785E2B245FBC00B42003 /* PaymentView.swift */; };
		34362B322B13ACB100968FAB /* AddressView.swift in Sources */ = {isa = PBXBuildFile; fileRef = 34362B312B13ACB100968FAB /* AddressView.swift */; };
		34362B342B13E41800968FAB /* OrderTableView.swift in Sources */ = {isa = PBXBuildFile; fileRef = 34362B332B13E41800968FAB /* OrderTableView.swift */; };
		34362B362B13E59500968FAB /* OrderTableViewCell.swift in Sources */ = {isa = PBXBuildFile; fileRef = 34362B352B13E59500968FAB /* OrderTableViewCell.swift */; };
		345E4B622B21D48500DEE094 /* Separator.swift in Sources */ = {isa = PBXBuildFile; fileRef = 345E4B612B21D48500DEE094 /* Separator.swift */; };
		345E4B642B21E43400DEE094 /* CouponView.swift in Sources */ = {isa = PBXBuildFile; fileRef = 345E4B632B21E43400DEE094 /* CouponView.swift */; };
		346602DB2B0E60E700D95118 /* OrderViewController.swift in Sources */ = {isa = PBXBuildFile; fileRef = 346602DA2B0E60E700D95118 /* OrderViewController.swift */; };
		34911E4E2AFE056600351BF8 /* CategoryCollectionView.swift in Sources */ = {isa = PBXBuildFile; fileRef = 34911E4D2AFE056600351BF8 /* CategoryCollectionView.swift */; };
		34911E502AFE0C3E00351BF8 /* CategoryCollectionViewCell.swift in Sources */ = {isa = PBXBuildFile; fileRef = 34911E4F2AFE0C3E00351BF8 /* CategoryCollectionViewCell.swift */; };
		34911E542AFE2BC600351BF8 /* ProductsCollectionView.swift in Sources */ = {isa = PBXBuildFile; fileRef = 34911E532AFE2BC600351BF8 /* ProductsCollectionView.swift */; };
		34911E562AFE2E2600351BF8 /* ProductsCollectionViewCell.swift in Sources */ = {isa = PBXBuildFile; fileRef = 34911E552AFE2E2600351BF8 /* ProductsCollectionViewCell.swift */; };
		34911E592AFE471700351BF8 /* CustomLabel.swift in Sources */ = {isa = PBXBuildFile; fileRef = 34911E582AFE471700351BF8 /* CustomLabel.swift */; };
		3497B7442B0B32CB0038BDE9 /* MainTabBarController.swift in Sources */ = {isa = PBXBuildFile; fileRef = 3497B7432B0B32CB0038BDE9 /* MainTabBarController.swift */; };
		349D30D42B034A0100672005 /* DetailedInformationViewController.swift in Sources */ = {isa = PBXBuildFile; fileRef = 349D30D32B034A0100672005 /* DetailedInformationViewController.swift */; };
		349D30D62B0351F200672005 /* HeaderLabel.swift in Sources */ = {isa = PBXBuildFile; fileRef = 349D30D52B0351F200672005 /* HeaderLabel.swift */; };
		349D30D82B037A7000672005 /* SizeCollectionView.swift in Sources */ = {isa = PBXBuildFile; fileRef = 349D30D72B037A7000672005 /* SizeCollectionView.swift */; };
		349D30DA2B037A8700672005 /* SizeCollectionViewCell.swift in Sources */ = {isa = PBXBuildFile; fileRef = 349D30D92B037A8700672005 /* SizeCollectionViewCell.swift */; };
		34A8DBFA2B276E6700AA0093 /* OrderModel.swift in Sources */ = {isa = PBXBuildFile; fileRef = 34A8DBF92B276E6700AA0093 /* OrderModel.swift */; };
		34B2C97B2B062696005FF2CC /* CoffeeTypeModel.swift in Sources */ = {isa = PBXBuildFile; fileRef = 34B2C97A2B062696005FF2CC /* CoffeeTypeModel.swift */; };
		34B6909C2B2AD4B400AF6586 /* DeliveryViewController.swift in Sources */ = {isa = PBXBuildFile; fileRef = 34B6909B2B2AD4B400AF6586 /* DeliveryViewController.swift */; };
		34B6909E2B2ADCD200AF6586 /* DeliveryView.swift in Sources */ = {isa = PBXBuildFile; fileRef = 34B6909D2B2ADCD200AF6586 /* DeliveryView.swift */; };
		34BB7C802B04CAE9005CA47F /* Realm in Frameworks */ = {isa = PBXBuildFile; productRef = 34BB7C7F2B04CAE9005CA47F /* Realm */; };
		34BB7C822B04CAE9005CA47F /* RealmSwift in Frameworks */ = {isa = PBXBuildFile; productRef = 34BB7C812B04CAE9005CA47F /* RealmSwift */; };
		34BB7C852B04CE70005CA47F /* RealmManager.swift in Sources */ = {isa = PBXBuildFile; fileRef = 34BB7C842B04CE70005CA47F /* RealmManager.swift */; };
		34BB7C882B04D0DC005CA47F /* CoffeeModel.swift in Sources */ = {isa = PBXBuildFile; fileRef = 34BB7C872B04D0DC005CA47F /* CoffeeModel.swift */; };
		34C873E72B0D047000252B8A /* LikedViewController.swift in Sources */ = {isa = PBXBuildFile; fileRef = 34C873E62B0D047000252B8A /* LikedViewController.swift */; };
		34C873E92B0D055600252B8A /* LikedTableView.swift in Sources */ = {isa = PBXBuildFile; fileRef = 34C873E82B0D055600252B8A /* LikedTableView.swift */; };
		34C873EB2B0D05AF00252B8A /* LikedTableViewCell.swift in Sources */ = {isa = PBXBuildFile; fileRef = 34C873EA2B0D05AF00252B8A /* LikedTableViewCell.swift */; };
		34C873ED2B0D15D600252B8A /* UIImage + Extensions.swift in Sources */ = {isa = PBXBuildFile; fileRef = 34C873EC2B0D15D600252B8A /* UIImage + Extensions.swift */; };
		34CC415E2AFCBB28003CA912 /* AppDelegate.swift in Sources */ = {isa = PBXBuildFile; fileRef = 34CC415D2AFCBB28003CA912 /* AppDelegate.swift */; };
		34CC41602AFCBB28003CA912 /* SceneDelegate.swift in Sources */ = {isa = PBXBuildFile; fileRef = 34CC415F2AFCBB28003CA912 /* SceneDelegate.swift */; };
		34CC41622AFCBB28003CA912 /* MainViewController.swift in Sources */ = {isa = PBXBuildFile; fileRef = 34CC41612AFCBB28003CA912 /* MainViewController.swift */; };
		34CC41672AFCBB29003CA912 /* Assets.xcassets in Resources */ = {isa = PBXBuildFile; fileRef = 34CC41662AFCBB29003CA912 /* Assets.xcassets */; };
		34CC416A2AFCBB29003CA912 /* LaunchScreen.storyboard in Resources */ = {isa = PBXBuildFile; fileRef = 34CC41682AFCBB29003CA912 /* LaunchScreen.storyboard */; };
		34CC41772AFCBDC9003CA912 /* SearchHeaderView.swift in Sources */ = {isa = PBXBuildFile; fileRef = 34CC41762AFCBDC9003CA912 /* SearchHeaderView.swift */; };
		34CC417B2AFCE314003CA912 /* Sora-Regular.ttf in Resources */ = {isa = PBXBuildFile; fileRef = 34CC41792AFCE314003CA912 /* Sora-Regular.ttf */; };
		34CC417C2AFCE314003CA912 /* Sora-SemiBold.ttf in Resources */ = {isa = PBXBuildFile; fileRef = 34CC417A2AFCE314003CA912 /* Sora-SemiBold.ttf */; };
		34CC417F2AFCE4ED003CA912 /* UIFont + Extensions.swift in Sources */ = {isa = PBXBuildFile; fileRef = 34CC417E2AFCE4ED003CA912 /* UIFont + Extensions.swift */; };
		34CC41812AFCE615003CA912 /* UIColor + Extensions.swift in Sources */ = {isa = PBXBuildFile; fileRef = 34CC41802AFCE615003CA912 /* UIColor + Extensions.swift */; };
		34CC41832AFCF40E003CA912 /* UIStackView + Extensions.swift in Sources */ = {isa = PBXBuildFile; fileRef = 34CC41822AFCF40E003CA912 /* UIStackView + Extensions.swift */; };
/* End PBXBuildFile section */

/* Begin PBXFileReference section */
		340D785E2B245FBC00B42003 /* PaymentView.swift */ = {isa = PBXFileReference; lastKnownFileType = sourcecode.swift; path = PaymentView.swift; sourceTree = "<group>"; };
		34362B312B13ACB100968FAB /* AddressView.swift */ = {isa = PBXFileReference; lastKnownFileType = sourcecode.swift; path = AddressView.swift; sourceTree = "<group>"; };
		34362B332B13E41800968FAB /* OrderTableView.swift */ = {isa = PBXFileReference; lastKnownFileType = sourcecode.swift; path = OrderTableView.swift; sourceTree = "<group>"; };
		34362B352B13E59500968FAB /* OrderTableViewCell.swift */ = {isa = PBXFileReference; lastKnownFileType = sourcecode.swift; path = OrderTableViewCell.swift; sourceTree = "<group>"; };
		345E4B612B21D48500DEE094 /* Separator.swift */ = {isa = PBXFileReference; lastKnownFileType = sourcecode.swift; path = Separator.swift; sourceTree = "<group>"; };
		345E4B632B21E43400DEE094 /* CouponView.swift */ = {isa = PBXFileReference; lastKnownFileType = sourcecode.swift; path = CouponView.swift; sourceTree = "<group>"; };
		346602DA2B0E60E700D95118 /* OrderViewController.swift */ = {isa = PBXFileReference; lastKnownFileType = sourcecode.swift; path = OrderViewController.swift; sourceTree = "<group>"; };
		34911E4D2AFE056600351BF8 /* CategoryCollectionView.swift */ = {isa = PBXFileReference; lastKnownFileType = sourcecode.swift; path = CategoryCollectionView.swift; sourceTree = "<group>"; };
		34911E4F2AFE0C3E00351BF8 /* CategoryCollectionViewCell.swift */ = {isa = PBXFileReference; lastKnownFileType = sourcecode.swift; path = CategoryCollectionViewCell.swift; sourceTree = "<group>"; };
		34911E532AFE2BC600351BF8 /* ProductsCollectionView.swift */ = {isa = PBXFileReference; lastKnownFileType = sourcecode.swift; path = ProductsCollectionView.swift; sourceTree = "<group>"; };
		34911E552AFE2E2600351BF8 /* ProductsCollectionViewCell.swift */ = {isa = PBXFileReference; lastKnownFileType = sourcecode.swift; path = ProductsCollectionViewCell.swift; sourceTree = "<group>"; };
		34911E582AFE471700351BF8 /* CustomLabel.swift */ = {isa = PBXFileReference; lastKnownFileType = sourcecode.swift; path = CustomLabel.swift; sourceTree = "<group>"; };
		3497B7432B0B32CB0038BDE9 /* MainTabBarController.swift */ = {isa = PBXFileReference; lastKnownFileType = sourcecode.swift; path = MainTabBarController.swift; sourceTree = "<group>"; };
		349D30D32B034A0100672005 /* DetailedInformationViewController.swift */ = {isa = PBXFileReference; lastKnownFileType = sourcecode.swift; path = DetailedInformationViewController.swift; sourceTree = "<group>"; };
		349D30D52B0351F200672005 /* HeaderLabel.swift */ = {isa = PBXFileReference; lastKnownFileType = sourcecode.swift; path = HeaderLabel.swift; sourceTree = "<group>"; };
		349D30D72B037A7000672005 /* SizeCollectionView.swift */ = {isa = PBXFileReference; lastKnownFileType = sourcecode.swift; path = SizeCollectionView.swift; sourceTree = "<group>"; };
		349D30D92B037A8700672005 /* SizeCollectionViewCell.swift */ = {isa = PBXFileReference; lastKnownFileType = sourcecode.swift; path = SizeCollectionViewCell.swift; sourceTree = "<group>"; };
		34A8DBF92B276E6700AA0093 /* OrderModel.swift */ = {isa = PBXFileReference; lastKnownFileType = sourcecode.swift; path = OrderModel.swift; sourceTree = "<group>"; };
		34B2C97A2B062696005FF2CC /* CoffeeTypeModel.swift */ = {isa = PBXFileReference; lastKnownFileType = sourcecode.swift; path = CoffeeTypeModel.swift; sourceTree = "<group>"; };
		34B6909B2B2AD4B400AF6586 /* DeliveryViewController.swift */ = {isa = PBXFileReference; lastKnownFileType = sourcecode.swift; path = DeliveryViewController.swift; sourceTree = "<group>"; };
		34B6909D2B2ADCD200AF6586 /* DeliveryView.swift */ = {isa = PBXFileReference; lastKnownFileType = sourcecode.swift; path = DeliveryView.swift; sourceTree = "<group>"; };
		34BB7C842B04CE70005CA47F /* RealmManager.swift */ = {isa = PBXFileReference; lastKnownFileType = sourcecode.swift; path = RealmManager.swift; sourceTree = "<group>"; };
		34BB7C872B04D0DC005CA47F /* CoffeeModel.swift */ = {isa = PBXFileReference; lastKnownFileType = sourcecode.swift; path = CoffeeModel.swift; sourceTree = "<group>"; };
		34C873E62B0D047000252B8A /* LikedViewController.swift */ = {isa = PBXFileReference; lastKnownFileType = sourcecode.swift; path = LikedViewController.swift; sourceTree = "<group>"; };
		34C873E82B0D055600252B8A /* LikedTableView.swift */ = {isa = PBXFileReference; lastKnownFileType = sourcecode.swift; path = LikedTableView.swift; sourceTree = "<group>"; };
		34C873EA2B0D05AF00252B8A /* LikedTableViewCell.swift */ = {isa = PBXFileReference; lastKnownFileType = sourcecode.swift; path = LikedTableViewCell.swift; sourceTree = "<group>"; };
		34C873EC2B0D15D600252B8A /* UIImage + Extensions.swift */ = {isa = PBXFileReference; lastKnownFileType = sourcecode.swift; path = "UIImage + Extensions.swift"; sourceTree = "<group>"; };
		34CC415A2AFCBB28003CA912 /* CoffeeShop_training.app */ = {isa = PBXFileReference; explicitFileType = wrapper.application; includeInIndex = 0; path = CoffeeShop_training.app; sourceTree = BUILT_PRODUCTS_DIR; };
		34CC415D2AFCBB28003CA912 /* AppDelegate.swift */ = {isa = PBXFileReference; lastKnownFileType = sourcecode.swift; path = AppDelegate.swift; sourceTree = "<group>"; };
		34CC415F2AFCBB28003CA912 /* SceneDelegate.swift */ = {isa = PBXFileReference; lastKnownFileType = sourcecode.swift; path = SceneDelegate.swift; sourceTree = "<group>"; };
		34CC41612AFCBB28003CA912 /* MainViewController.swift */ = {isa = PBXFileReference; lastKnownFileType = sourcecode.swift; path = MainViewController.swift; sourceTree = "<group>"; };
		34CC41662AFCBB29003CA912 /* Assets.xcassets */ = {isa = PBXFileReference; lastKnownFileType = folder.assetcatalog; path = Assets.xcassets; sourceTree = "<group>"; };
		34CC41692AFCBB29003CA912 /* Base */ = {isa = PBXFileReference; lastKnownFileType = file.storyboard; name = Base; path = Base.lproj/LaunchScreen.storyboard; sourceTree = "<group>"; };
		34CC416B2AFCBB29003CA912 /* Info.plist */ = {isa = PBXFileReference; lastKnownFileType = text.plist.xml; path = Info.plist; sourceTree = "<group>"; };
		34CC41762AFCBDC9003CA912 /* SearchHeaderView.swift */ = {isa = PBXFileReference; lastKnownFileType = sourcecode.swift; path = SearchHeaderView.swift; sourceTree = "<group>"; };
		34CC41792AFCE314003CA912 /* Sora-Regular.ttf */ = {isa = PBXFileReference; lastKnownFileType = file; path = "Sora-Regular.ttf"; sourceTree = "<group>"; };
		34CC417A2AFCE314003CA912 /* Sora-SemiBold.ttf */ = {isa = PBXFileReference; lastKnownFileType = file; path = "Sora-SemiBold.ttf"; sourceTree = "<group>"; };
		34CC417E2AFCE4ED003CA912 /* UIFont + Extensions.swift */ = {isa = PBXFileReference; lastKnownFileType = sourcecode.swift; path = "UIFont + Extensions.swift"; sourceTree = "<group>"; };
		34CC41802AFCE615003CA912 /* UIColor + Extensions.swift */ = {isa = PBXFileReference; lastKnownFileType = sourcecode.swift; path = "UIColor + Extensions.swift"; sourceTree = "<group>"; };
		34CC41822AFCF40E003CA912 /* UIStackView + Extensions.swift */ = {isa = PBXFileReference; lastKnownFileType = sourcecode.swift; path = "UIStackView + Extensions.swift"; sourceTree = "<group>"; };
/* End PBXFileReference section */

/* Begin PBXFrameworksBuildPhase section */
		34CC41572AFCBB28003CA912 /* Frameworks */ = {
			isa = PBXFrameworksBuildPhase;
			buildActionMask = 2147483647;
			files = (
				34BB7C822B04CAE9005CA47F /* RealmSwift in Frameworks */,
				34BB7C802B04CAE9005CA47F /* Realm in Frameworks */,
			);
			runOnlyForDeploymentPostprocessing = 0;
		};
/* End PBXFrameworksBuildPhase section */

/* Begin PBXGroup section */
		34480B4A2B28688600792D0A /* DeliveryModule */ = {
			isa = PBXGroup;
			children = (
				34480B4C2B28689F00792D0A /* Views */,
				34480B4B2B28689700792D0A /* Controllers */,
			);
			path = DeliveryModule;
			sourceTree = "<group>";
		};
		34480B4B2B28689700792D0A /* Controllers */ = {
			isa = PBXGroup;
			children = (
				34B6909B2B2AD4B400AF6586 /* DeliveryViewController.swift */,
			);
			path = Controllers;
			sourceTree = "<group>";
		};
		34480B4C2B28689F00792D0A /* Views */ = {
			isa = PBXGroup;
			children = (
				34B6909D2B2ADCD200AF6586 /* DeliveryView.swift */,
			);
			path = Views;
			sourceTree = "<group>";
		};
		346602D72B0E607500D95118 /* OrderModule */ = {
			isa = PBXGroup;
			children = (
				346602D92B0E609100D95118 /* Views */,
				346602D82B0E608700D95118 /* Controllers */,
			);
			path = OrderModule;
			sourceTree = "<group>";
		};
		346602D82B0E608700D95118 /* Controllers */ = {
			isa = PBXGroup;
			children = (
				346602DA2B0E60E700D95118 /* OrderViewController.swift */,
			);
			path = Controllers;
			sourceTree = "<group>";
		};
		346602D92B0E609100D95118 /* Views */ = {
			isa = PBXGroup;
			children = (
				34362B312B13ACB100968FAB /* AddressView.swift */,
				34362B332B13E41800968FAB /* OrderTableView.swift */,
				34362B352B13E59500968FAB /* OrderTableViewCell.swift */,
				345E4B632B21E43400DEE094 /* CouponView.swift */,
				340D785E2B245FBC00B42003 /* PaymentView.swift */,
			);
			path = Views;
			sourceTree = "<group>";
		};
		34911E512AFE2B3F00351BF8 /* CategoryCollection */ = {
			isa = PBXGroup;
			children = (
				34911E4D2AFE056600351BF8 /* CategoryCollectionView.swift */,
				34911E4F2AFE0C3E00351BF8 /* CategoryCollectionViewCell.swift */,
			);
			path = CategoryCollection;
			sourceTree = "<group>";
		};
		34911E522AFE2BA900351BF8 /* ProductsCollection */ = {
			isa = PBXGroup;
			children = (
				34911E532AFE2BC600351BF8 /* ProductsCollectionView.swift */,
				34911E552AFE2E2600351BF8 /* ProductsCollectionViewCell.swift */,
			);
			path = ProductsCollection;
			sourceTree = "<group>";
		};
		34911E572AFE46FE00351BF8 /* ReusableElements */ = {
			isa = PBXGroup;
			children = (
				34911E582AFE471700351BF8 /* CustomLabel.swift */,
				349D30D52B0351F200672005 /* HeaderLabel.swift */,
				345E4B612B21D48500DEE094 /* Separator.swift */,
			);
			path = ReusableElements;
			sourceTree = "<group>";
		};
		3497B7422B0B30250038BDE9 /* NavigationModule */ = {
			isa = PBXGroup;
			children = (
				3497B7432B0B32CB0038BDE9 /* MainTabBarController.swift */,
			);
			path = NavigationModule;
			sourceTree = "<group>";
		};
		349D30D02B03498500672005 /* DetailedInformationModule */ = {
			isa = PBXGroup;
			children = (
				349D30D22B0349BC00672005 /* Views */,
				349D30D12B0349B500672005 /* Controllers */,
			);
			path = DetailedInformationModule;
			sourceTree = "<group>";
		};
		349D30D12B0349B500672005 /* Controllers */ = {
			isa = PBXGroup;
			children = (
				349D30D32B034A0100672005 /* DetailedInformationViewController.swift */,
			);
			path = Controllers;
			sourceTree = "<group>";
		};
		349D30D22B0349BC00672005 /* Views */ = {
			isa = PBXGroup;
			children = (
				349D30D72B037A7000672005 /* SizeCollectionView.swift */,
				349D30D92B037A8700672005 /* SizeCollectionViewCell.swift */,
			);
			path = Views;
			sourceTree = "<group>";
		};
		34BB7C832B04CE56005CA47F /* Service */ = {
			isa = PBXGroup;
			children = (
				34BB7C862B04CF0D005CA47F /* Models */,
				34BB7C842B04CE70005CA47F /* RealmManager.swift */,
			);
			path = Service;
			sourceTree = "<group>";
		};
		34BB7C862B04CF0D005CA47F /* Models */ = {
			isa = PBXGroup;
			children = (
				34BB7C872B04D0DC005CA47F /* CoffeeModel.swift */,
				34B2C97A2B062696005FF2CC /* CoffeeTypeModel.swift */,
				34A8DBF92B276E6700AA0093 /* OrderModel.swift */,
			);
			path = Models;
			sourceTree = "<group>";
		};
		34C873E32B0D042200252B8A /* LikedModule */ = {
			isa = PBXGroup;
			children = (
				34C873E52B0D044400252B8A /* Views */,
				34C873E42B0D043000252B8A /* Controllers */,
			);
			path = LikedModule;
			sourceTree = "<group>";
		};
		34C873E42B0D043000252B8A /* Controllers */ = {
			isa = PBXGroup;
			children = (
				34C873E62B0D047000252B8A /* LikedViewController.swift */,
			);
			path = Controllers;
			sourceTree = "<group>";
		};
		34C873E52B0D044400252B8A /* Views */ = {
			isa = PBXGroup;
			children = (
				34C873E82B0D055600252B8A /* LikedTableView.swift */,
				34C873EA2B0D05AF00252B8A /* LikedTableViewCell.swift */,
			);
			path = Views;
			sourceTree = "<group>";
		};
		34CC41512AFCBB28003CA912 = {
			isa = PBXGroup;
			children = (
				34CC415C2AFCBB28003CA912 /* CoffeeShop_training */,
				34CC415B2AFCBB28003CA912 /* Products */,
			);
			sourceTree = "<group>";
		};
		34CC415B2AFCBB28003CA912 /* Products */ = {
			isa = PBXGroup;
			children = (
				34CC415A2AFCBB28003CA912 /* CoffeeShop_training.app */,
			);
			name = Products;
			sourceTree = "<group>";
		};
		34CC415C2AFCBB28003CA912 /* CoffeeShop_training */ = {
			isa = PBXGroup;
			children = (
				3497B7422B0B30250038BDE9 /* NavigationModule */,
				34CC41712AFCBC13003CA912 /* Application */,
				34CC41732AFCBC43003CA912 /* MainModule */,
				349D30D02B03498500672005 /* DetailedInformationModule */,
				34C873E32B0D042200252B8A /* LikedModule */,
				346602D72B0E607500D95118 /* OrderModule */,
				34480B4A2B28688600792D0A /* DeliveryModule */,
				34BB7C832B04CE56005CA47F /* Service */,
				34CC417D2AFCE4D0003CA912 /* Extensions */,
				34CC41722AFCBC2C003CA912 /* SupportingFiles */,
			);
			path = CoffeeShop_training;
			sourceTree = "<group>";
		};
		34CC41712AFCBC13003CA912 /* Application */ = {
			isa = PBXGroup;
			children = (
				34CC415D2AFCBB28003CA912 /* AppDelegate.swift */,
				34CC415F2AFCBB28003CA912 /* SceneDelegate.swift */,
			);
			path = Application;
			sourceTree = "<group>";
		};
		34CC41722AFCBC2C003CA912 /* SupportingFiles */ = {
			isa = PBXGroup;
			children = (
				34CC41782AFCE2BB003CA912 /* Fonts */,
				34CC416B2AFCBB29003CA912 /* Info.plist */,
				34CC41682AFCBB29003CA912 /* LaunchScreen.storyboard */,
				34CC41662AFCBB29003CA912 /* Assets.xcassets */,
			);
			path = SupportingFiles;
			sourceTree = "<group>";
		};
		34CC41732AFCBC43003CA912 /* MainModule */ = {
			isa = PBXGroup;
			children = (
				34CC41752AFCBD84003CA912 /* Views */,
				34CC41742AFCBD7B003CA912 /* Controllers */,
			);
			path = MainModule;
			sourceTree = "<group>";
		};
		34CC41742AFCBD7B003CA912 /* Controllers */ = {
			isa = PBXGroup;
			children = (
				34CC41612AFCBB28003CA912 /* MainViewController.swift */,
			);
			path = Controllers;
			sourceTree = "<group>";
		};
		34CC41752AFCBD84003CA912 /* Views */ = {
			isa = PBXGroup;
			children = (
				34911E522AFE2BA900351BF8 /* ProductsCollection */,
				34911E512AFE2B3F00351BF8 /* CategoryCollection */,
				34CC41762AFCBDC9003CA912 /* SearchHeaderView.swift */,
			);
			path = Views;
			sourceTree = "<group>";
		};
		34CC41782AFCE2BB003CA912 /* Fonts */ = {
			isa = PBXGroup;
			children = (
				34CC41792AFCE314003CA912 /* Sora-Regular.ttf */,
				34CC417A2AFCE314003CA912 /* Sora-SemiBold.ttf */,
			);
			path = Fonts;
			sourceTree = "<group>";
		};
		34CC417D2AFCE4D0003CA912 /* Extensions */ = {
			isa = PBXGroup;
			children = (
				34911E572AFE46FE00351BF8 /* ReusableElements */,
				34CC417E2AFCE4ED003CA912 /* UIFont + Extensions.swift */,
				34CC41802AFCE615003CA912 /* UIColor + Extensions.swift */,
				34CC41822AFCF40E003CA912 /* UIStackView + Extensions.swift */,
				34C873EC2B0D15D600252B8A /* UIImage + Extensions.swift */,
			);
			path = Extensions;
			sourceTree = "<group>";
		};
/* End PBXGroup section */

/* Begin PBXNativeTarget section */
		34CC41592AFCBB28003CA912 /* CoffeeShop_training */ = {
			isa = PBXNativeTarget;
			buildConfigurationList = 34CC416E2AFCBB29003CA912 /* Build configuration list for PBXNativeTarget "CoffeeShop_training" */;
			buildPhases = (
				34CC41562AFCBB28003CA912 /* Sources */,
				34CC41572AFCBB28003CA912 /* Frameworks */,
				34CC41582AFCBB28003CA912 /* Resources */,
			);
			buildRules = (
			);
			dependencies = (
			);
			name = CoffeeShop_training;
			packageProductDependencies = (
				34BB7C7F2B04CAE9005CA47F /* Realm */,
				34BB7C812B04CAE9005CA47F /* RealmSwift */,
			);
			productName = CoffeeShop_training;
			productReference = 34CC415A2AFCBB28003CA912 /* CoffeeShop_training.app */;
			productType = "com.apple.product-type.application";
		};
/* End PBXNativeTarget section */

/* Begin PBXProject section */
		34CC41522AFCBB28003CA912 /* Project object */ = {
			isa = PBXProject;
			attributes = {
				BuildIndependentTargetsInParallel = 1;
				LastSwiftUpdateCheck = 1500;
				LastUpgradeCheck = 1500;
				TargetAttributes = {
					34CC41592AFCBB28003CA912 = {
						CreatedOnToolsVersion = 15.0;
					};
				};
			};
			buildConfigurationList = 34CC41552AFCBB28003CA912 /* Build configuration list for PBXProject "CoffeeShop_training" */;
			compatibilityVersion = "Xcode 14.0";
			developmentRegion = en;
			hasScannedForEncodings = 0;
			knownRegions = (
				en,
				Base,
			);
			mainGroup = 34CC41512AFCBB28003CA912;
			packageReferences = (
				34BB7C7E2B04CAE9005CA47F /* XCRemoteSwiftPackageReference "realm-swift" */,
			);
			productRefGroup = 34CC415B2AFCBB28003CA912 /* Products */;
			projectDirPath = "";
			projectRoot = "";
			targets = (
				34CC41592AFCBB28003CA912 /* CoffeeShop_training */,
			);
		};
/* End PBXProject section */

/* Begin PBXResourcesBuildPhase section */
		34CC41582AFCBB28003CA912 /* Resources */ = {
			isa = PBXResourcesBuildPhase;
			buildActionMask = 2147483647;
			files = (
				34CC416A2AFCBB29003CA912 /* LaunchScreen.storyboard in Resources */,
				34CC417B2AFCE314003CA912 /* Sora-Regular.ttf in Resources */,
				34CC417C2AFCE314003CA912 /* Sora-SemiBold.ttf in Resources */,
				34CC41672AFCBB29003CA912 /* Assets.xcassets in Resources */,
			);
			runOnlyForDeploymentPostprocessing = 0;
		};
/* End PBXResourcesBuildPhase section */

/* Begin PBXSourcesBuildPhase section */
		34CC41562AFCBB28003CA912 /* Sources */ = {
			isa = PBXSourcesBuildPhase;
			buildActionMask = 2147483647;
			files = (
				34911E4E2AFE056600351BF8 /* CategoryCollectionView.swift in Sources */,
				34CC41622AFCBB28003CA912 /* MainViewController.swift in Sources */,
				3497B7442B0B32CB0038BDE9 /* MainTabBarController.swift in Sources */,
				34362B362B13E59500968FAB /* OrderTableViewCell.swift in Sources */,
				34CC415E2AFCBB28003CA912 /* AppDelegate.swift in Sources */,
				34CC41832AFCF40E003CA912 /* UIStackView + Extensions.swift in Sources */,
				34911E542AFE2BC600351BF8 /* ProductsCollectionView.swift in Sources */,
				34BB7C882B04D0DC005CA47F /* CoffeeModel.swift in Sources */,
				34C873E72B0D047000252B8A /* LikedViewController.swift in Sources */,
				34362B342B13E41800968FAB /* OrderTableView.swift in Sources */,
				345E4B622B21D48500DEE094 /* Separator.swift in Sources */,
				34C873E92B0D055600252B8A /* LikedTableView.swift in Sources */,
				345E4B642B21E43400DEE094 /* CouponView.swift in Sources */,
				34C873ED2B0D15D600252B8A /* UIImage + Extensions.swift in Sources */,
				34911E502AFE0C3E00351BF8 /* CategoryCollectionViewCell.swift in Sources */,
				34CC417F2AFCE4ED003CA912 /* UIFont + Extensions.swift in Sources */,
				349D30D62B0351F200672005 /* HeaderLabel.swift in Sources */,
				34362B322B13ACB100968FAB /* AddressView.swift in Sources */,
				349D30D42B034A0100672005 /* DetailedInformationViewController.swift in Sources */,
				340D785F2B245FBC00B42003 /* PaymentView.swift in Sources */,
				34B6909E2B2ADCD200AF6586 /* DeliveryView.swift in Sources */,
				349D30DA2B037A8700672005 /* SizeCollectionViewCell.swift in Sources */,
				34911E592AFE471700351BF8 /* CustomLabel.swift in Sources */,
				34B2C97B2B062696005FF2CC /* CoffeeTypeModel.swift in Sources */,
				34BB7C852B04CE70005CA47F /* RealmManager.swift in Sources */,
				34A8DBFA2B276E6700AA0093 /* OrderModel.swift in Sources */,
				349D30D82B037A7000672005 /* SizeCollectionView.swift in Sources */,
				34B6909C2B2AD4B400AF6586 /* DeliveryViewController.swift in Sources */,
				34CC41812AFCE615003CA912 /* UIColor + Extensions.swift in Sources */,
				34CC41602AFCBB28003CA912 /* SceneDelegate.swift in Sources */,
				346602DB2B0E60E700D95118 /* OrderViewController.swift in Sources */,
				34911E562AFE2E2600351BF8 /* ProductsCollectionViewCell.swift in Sources */,
				34CC41772AFCBDC9003CA912 /* SearchHeaderView.swift in Sources */,
				34C873EB2B0D05AF00252B8A /* LikedTableViewCell.swift in Sources */,
			);
			runOnlyForDeploymentPostprocessing = 0;
		};
/* End PBXSourcesBuildPhase section */

/* Begin PBXVariantGroup section */
		34CC41682AFCBB29003CA912 /* LaunchScreen.storyboard */ = {
			isa = PBXVariantGroup;
			children = (
				34CC41692AFCBB29003CA912 /* Base */,
			);
			name = LaunchScreen.storyboard;
			sourceTree = "<group>";
		};
/* End PBXVariantGroup section */

/* Begin XCBuildConfiguration section */
		34CC416C2AFCBB29003CA912 /* Debug */ = {
			isa = XCBuildConfiguration;
			buildSettings = {
				ALWAYS_SEARCH_USER_PATHS = NO;
				ASSETCATALOG_COMPILER_GENERATE_SWIFT_ASSET_SYMBOL_EXTENSIONS = YES;
				CLANG_ANALYZER_NONNULL = YES;
				CLANG_ANALYZER_NUMBER_OBJECT_CONVERSION = YES_AGGRESSIVE;
				CLANG_CXX_LANGUAGE_STANDARD = "gnu++20";
				CLANG_ENABLE_MODULES = YES;
				CLANG_ENABLE_OBJC_ARC = YES;
				CLANG_ENABLE_OBJC_WEAK = YES;
				CLANG_WARN_BLOCK_CAPTURE_AUTORELEASING = YES;
				CLANG_WARN_BOOL_CONVERSION = YES;
				CLANG_WARN_COMMA = YES;
				CLANG_WARN_CONSTANT_CONVERSION = YES;
				CLANG_WARN_DEPRECATED_OBJC_IMPLEMENTATIONS = YES;
				CLANG_WARN_DIRECT_OBJC_ISA_USAGE = YES_ERROR;
				CLANG_WARN_DOCUMENTATION_COMMENTS = YES;
				CLANG_WARN_EMPTY_BODY = YES;
				CLANG_WARN_ENUM_CONVERSION = YES;
				CLANG_WARN_INFINITE_RECURSION = YES;
				CLANG_WARN_INT_CONVERSION = YES;
				CLANG_WARN_NON_LITERAL_NULL_CONVERSION = YES;
				CLANG_WARN_OBJC_IMPLICIT_RETAIN_SELF = YES;
				CLANG_WARN_OBJC_LITERAL_CONVERSION = YES;
				CLANG_WARN_OBJC_ROOT_CLASS = YES_ERROR;
				CLANG_WARN_QUOTED_INCLUDE_IN_FRAMEWORK_HEADER = YES;
				CLANG_WARN_RANGE_LOOP_ANALYSIS = YES;
				CLANG_WARN_STRICT_PROTOTYPES = YES;
				CLANG_WARN_SUSPICIOUS_MOVE = YES;
				CLANG_WARN_UNGUARDED_AVAILABILITY = YES_AGGRESSIVE;
				CLANG_WARN_UNREACHABLE_CODE = YES;
				CLANG_WARN__DUPLICATE_METHOD_MATCH = YES;
				COPY_PHASE_STRIP = NO;
				DEBUG_INFORMATION_FORMAT = dwarf;
				ENABLE_STRICT_OBJC_MSGSEND = YES;
				ENABLE_TESTABILITY = YES;
				ENABLE_USER_SCRIPT_SANDBOXING = YES;
				GCC_C_LANGUAGE_STANDARD = gnu17;
				GCC_DYNAMIC_NO_PIC = NO;
				GCC_NO_COMMON_BLOCKS = YES;
				GCC_OPTIMIZATION_LEVEL = 0;
				GCC_PREPROCESSOR_DEFINITIONS = (
					"DEBUG=1",
					"$(inherited)",
				);
				GCC_WARN_64_TO_32_BIT_CONVERSION = YES;
				GCC_WARN_ABOUT_RETURN_TYPE = YES_ERROR;
				GCC_WARN_UNDECLARED_SELECTOR = YES;
				GCC_WARN_UNINITIALIZED_AUTOS = YES_AGGRESSIVE;
				GCC_WARN_UNUSED_FUNCTION = YES;
				GCC_WARN_UNUSED_VARIABLE = YES;
				IPHONEOS_DEPLOYMENT_TARGET = 17.0;
				LOCALIZATION_PREFERS_STRING_CATALOGS = YES;
				MTL_ENABLE_DEBUG_INFO = INCLUDE_SOURCE;
				MTL_FAST_MATH = YES;
				ONLY_ACTIVE_ARCH = YES;
				SDKROOT = iphoneos;
				SWIFT_ACTIVE_COMPILATION_CONDITIONS = "DEBUG $(inherited)";
				SWIFT_OPTIMIZATION_LEVEL = "-Onone";
			};
			name = Debug;
		};
		34CC416D2AFCBB29003CA912 /* Release */ = {
			isa = XCBuildConfiguration;
			buildSettings = {
				ALWAYS_SEARCH_USER_PATHS = NO;
				ASSETCATALOG_COMPILER_GENERATE_SWIFT_ASSET_SYMBOL_EXTENSIONS = YES;
				CLANG_ANALYZER_NONNULL = YES;
				CLANG_ANALYZER_NUMBER_OBJECT_CONVERSION = YES_AGGRESSIVE;
				CLANG_CXX_LANGUAGE_STANDARD = "gnu++20";
				CLANG_ENABLE_MODULES = YES;
				CLANG_ENABLE_OBJC_ARC = YES;
				CLANG_ENABLE_OBJC_WEAK = YES;
				CLANG_WARN_BLOCK_CAPTURE_AUTORELEASING = YES;
				CLANG_WARN_BOOL_CONVERSION = YES;
				CLANG_WARN_COMMA = YES;
				CLANG_WARN_CONSTANT_CONVERSION = YES;
				CLANG_WARN_DEPRECATED_OBJC_IMPLEMENTATIONS = YES;
				CLANG_WARN_DIRECT_OBJC_ISA_USAGE = YES_ERROR;
				CLANG_WARN_DOCUMENTATION_COMMENTS = YES;
				CLANG_WARN_EMPTY_BODY = YES;
				CLANG_WARN_ENUM_CONVERSION = YES;
				CLANG_WARN_INFINITE_RECURSION = YES;
				CLANG_WARN_INT_CONVERSION = YES;
				CLANG_WARN_NON_LITERAL_NULL_CONVERSION = YES;
				CLANG_WARN_OBJC_IMPLICIT_RETAIN_SELF = YES;
				CLANG_WARN_OBJC_LITERAL_CONVERSION = YES;
				CLANG_WARN_OBJC_ROOT_CLASS = YES_ERROR;
				CLANG_WARN_QUOTED_INCLUDE_IN_FRAMEWORK_HEADER = YES;
				CLANG_WARN_RANGE_LOOP_ANALYSIS = YES;
				CLANG_WARN_STRICT_PROTOTYPES = YES;
				CLANG_WARN_SUSPICIOUS_MOVE = YES;
				CLANG_WARN_UNGUARDED_AVAILABILITY = YES_AGGRESSIVE;
				CLANG_WARN_UNREACHABLE_CODE = YES;
				CLANG_WARN__DUPLICATE_METHOD_MATCH = YES;
				COPY_PHASE_STRIP = NO;
				DEBUG_INFORMATION_FORMAT = "dwarf-with-dsym";
				ENABLE_NS_ASSERTIONS = NO;
				ENABLE_STRICT_OBJC_MSGSEND = YES;
				ENABLE_USER_SCRIPT_SANDBOXING = YES;
				GCC_C_LANGUAGE_STANDARD = gnu17;
				GCC_NO_COMMON_BLOCKS = YES;
				GCC_WARN_64_TO_32_BIT_CONVERSION = YES;
				GCC_WARN_ABOUT_RETURN_TYPE = YES_ERROR;
				GCC_WARN_UNDECLARED_SELECTOR = YES;
				GCC_WARN_UNINITIALIZED_AUTOS = YES_AGGRESSIVE;
				GCC_WARN_UNUSED_FUNCTION = YES;
				GCC_WARN_UNUSED_VARIABLE = YES;
				IPHONEOS_DEPLOYMENT_TARGET = 17.0;
				LOCALIZATION_PREFERS_STRING_CATALOGS = YES;
				MTL_ENABLE_DEBUG_INFO = NO;
				MTL_FAST_MATH = YES;
				SDKROOT = iphoneos;
				SWIFT_COMPILATION_MODE = wholemodule;
				VALIDATE_PRODUCT = YES;
			};
			name = Release;
		};
		34CC416F2AFCBB29003CA912 /* Debug */ = {
			isa = XCBuildConfiguration;
			buildSettings = {
				ASSETCATALOG_COMPILER_APPICON_NAME = AppIcon;
				ASSETCATALOG_COMPILER_GLOBAL_ACCENT_COLOR_NAME = AccentColor;
				CODE_SIGN_STYLE = Automatic;
				CURRENT_PROJECT_VERSION = 1;
				DEVELOPMENT_TEAM = 5NG3V567GS;
				GENERATE_INFOPLIST_FILE = YES;
				INFOPLIST_FILE = CoffeeShop_training/SupportingFiles/Info.plist;
				INFOPLIST_KEY_LSApplicationCategoryType = "public.app-category.food-and-drink";
				INFOPLIST_KEY_UIApplicationSupportsIndirectInputEvents = YES;
				INFOPLIST_KEY_UILaunchStoryboardName = LaunchScreen;
				INFOPLIST_KEY_UISupportedInterfaceOrientations = UIInterfaceOrientationPortrait;
				INFOPLIST_KEY_UISupportedInterfaceOrientations_iPad = "UIInterfaceOrientationLandscapeLeft UIInterfaceOrientationLandscapeRight UIInterfaceOrientationPortrait UIInterfaceOrientationPortraitUpsideDown";
				IPHONEOS_DEPLOYMENT_TARGET = 14.0;
				LD_RUNPATH_SEARCH_PATHS = (
					"$(inherited)",
					"@executable_path/Frameworks",
				);
				MARKETING_VERSION = 1.0;
				PRODUCT_BUNDLE_IDENTIFIER = "com.dmitri.CoffeeShop-training";
				PRODUCT_NAME = "$(TARGET_NAME)";
				SUPPORTED_PLATFORMS = "iphoneos iphonesimulator";
				SUPPORTS_MACCATALYST = NO;
				SUPPORTS_MAC_DESIGNED_FOR_IPHONE_IPAD = NO;
				SWIFT_EMIT_LOC_STRINGS = YES;
				SWIFT_VERSION = 5.0;
				TARGETED_DEVICE_FAMILY = 1;
			};
			name = Debug;
		};
		34CC41702AFCBB29003CA912 /* Release */ = {
			isa = XCBuildConfiguration;
			buildSettings = {
				ASSETCATALOG_COMPILER_APPICON_NAME = AppIcon;
				ASSETCATALOG_COMPILER_GLOBAL_ACCENT_COLOR_NAME = AccentColor;
				CODE_SIGN_STYLE = Automatic;
				CURRENT_PROJECT_VERSION = 1;
				DEVELOPMENT_TEAM = 5NG3V567GS;
				GENERATE_INFOPLIST_FILE = YES;
				INFOPLIST_FILE = CoffeeShop_training/SupportingFiles/Info.plist;
				INFOPLIST_KEY_LSApplicationCategoryType = "public.app-category.food-and-drink";
				INFOPLIST_KEY_UIApplicationSupportsIndirectInputEvents = YES;
				INFOPLIST_KEY_UILaunchStoryboardName = LaunchScreen;
				INFOPLIST_KEY_UISupportedInterfaceOrientations = UIInterfaceOrientationPortrait;
				INFOPLIST_KEY_UISupportedInterfaceOrientations_iPad = "UIInterfaceOrientationLandscapeLeft UIInterfaceOrientationLandscapeRight UIInterfaceOrientationPortrait UIInterfaceOrientationPortraitUpsideDown";
				IPHONEOS_DEPLOYMENT_TARGET = 14.0;
				LD_RUNPATH_SEARCH_PATHS = (
					"$(inherited)",
					"@executable_path/Frameworks",
				);
				MARKETING_VERSION = 1.0;
				PRODUCT_BUNDLE_IDENTIFIER = "com.dmitri.CoffeeShop-training";
				PRODUCT_NAME = "$(TARGET_NAME)";
				SUPPORTED_PLATFORMS = "iphoneos iphonesimulator";
				SUPPORTS_MACCATALYST = NO;
				SUPPORTS_MAC_DESIGNED_FOR_IPHONE_IPAD = NO;
				SWIFT_EMIT_LOC_STRINGS = YES;
				SWIFT_VERSION = 5.0;
				TARGETED_DEVICE_FAMILY = 1;
			};
			name = Release;
		};
/* End XCBuildConfiguration section */

/* Begin XCConfigurationList section */
		34CC41552AFCBB28003CA912 /* Build configuration list for PBXProject "CoffeeShop_training" */ = {
			isa = XCConfigurationList;
			buildConfigurations = (
				34CC416C2AFCBB29003CA912 /* Debug */,
				34CC416D2AFCBB29003CA912 /* Release */,
			);
			defaultConfigurationIsVisible = 0;
			defaultConfigurationName = Release;
		};
		34CC416E2AFCBB29003CA912 /* Build configuration list for PBXNativeTarget "CoffeeShop_training" */ = {
			isa = XCConfigurationList;
			buildConfigurations = (
				34CC416F2AFCBB29003CA912 /* Debug */,
				34CC41702AFCBB29003CA912 /* Release */,
			);
			defaultConfigurationIsVisible = 0;
			defaultConfigurationName = Release;
		};
/* End XCConfigurationList section */

/* Begin XCRemoteSwiftPackageReference section */
		34BB7C7E2B04CAE9005CA47F /* XCRemoteSwiftPackageReference "realm-swift" */ = {
			isa = XCRemoteSwiftPackageReference;
			repositoryURL = "https://github.com/realm/realm-swift.git";
			requirement = {
				branch = master;
				kind = branch;
			};
		};
/* End XCRemoteSwiftPackageReference section */

/* Begin XCSwiftPackageProductDependency section */
		34BB7C7F2B04CAE9005CA47F /* Realm */ = {
			isa = XCSwiftPackageProductDependency;
			package = 34BB7C7E2B04CAE9005CA47F /* XCRemoteSwiftPackageReference "realm-swift" */;
			productName = Realm;
		};
		34BB7C812B04CAE9005CA47F /* RealmSwift */ = {
			isa = XCSwiftPackageProductDependency;
			package = 34BB7C7E2B04CAE9005CA47F /* XCRemoteSwiftPackageReference "realm-swift" */;
			productName = RealmSwift;
		};
/* End XCSwiftPackageProductDependency section */
	};
	rootObject = 34CC41522AFCBB28003CA912 /* Project object */;
}
